// !$*UTF8*$!
{
	archiveVersion = 1;
	classes = {
	};
	objectVersion = 46;
	objects = {

/* Begin PBXBuildFile section */
		A666220D9D97D1B9624D3E54 /* Pods_DALIApp.framework in Frameworks */ = {isa = PBXBuildFile; fileRef = FE01C2262AC73BF43BB4C661 /* Pods_DALIApp.framework */; };
		C32230161E57F04700D3F556 /* dali@3x.png in Resources */ = {isa = PBXBuildFile; fileRef = C32230151E57F04700D3F556 /* dali@3x.png */; };
		C32A5E0A1E51197E00410DF7 /* UIScrollView+EmptyDataSet.m in Sources */ = {isa = PBXBuildFile; fileRef = C32A5E091E51197E00410DF7 /* UIScrollView+EmptyDataSet.m */; };
		C3B619611E4D92E20039EC47 /* AppDelegate.swift in Sources */ = {isa = PBXBuildFile; fileRef = C3B619601E4D92E20039EC47 /* AppDelegate.swift */; };
		C3B619661E4D92E20039EC47 /* Main.storyboard in Resources */ = {isa = PBXBuildFile; fileRef = C3B619641E4D92E20039EC47 /* Main.storyboard */; };
		C3B619691E4D92E20039EC47 /* DALIApp.xcdatamodeld in Sources */ = {isa = PBXBuildFile; fileRef = C3B619671E4D92E20039EC47 /* DALIApp.xcdatamodeld */; };
		C3B6196B1E4D92E20039EC47 /* Assets.xcassets in Resources */ = {isa = PBXBuildFile; fileRef = C3B6196A1E4D92E20039EC47 /* Assets.xcassets */; };
		C3B6196E1E4D92E20039EC47 /* LaunchScreen.storyboard in Resources */ = {isa = PBXBuildFile; fileRef = C3B6196C1E4D92E20039EC47 /* LaunchScreen.storyboard */; };
		C3B6197A1E4D950D0039EC47 /* MembersTableViewController.swift in Sources */ = {isa = PBXBuildFile; fileRef = C3B619791E4D950D0039EC47 /* MembersTableViewController.swift */; };
		C3B619811E4E24EC0039EC47 /* MemberDescriptionViewController.swift in Sources */ = {isa = PBXBuildFile; fileRef = C3B619801E4E24EC0039EC47 /* MemberDescriptionViewController.swift */; };
		C3B619851E4E3CF90039EC47 /* GoogleService-Info.plist in Resources */ = {isa = PBXBuildFile; fileRef = C3B619841E4E3CF90039EC47 /* GoogleService-Info.plist */; };
		C3B6CED61E554EAA00B7230F /* MapViewController.swift in Sources */ = {isa = PBXBuildFile; fileRef = C3B6CED51E554EAA00B7230F /* MapViewController.swift */; };
		C3B6CED81E55532400B7230F /* MainMapViewController.swift in Sources */ = {isa = PBXBuildFile; fileRef = C3B6CED71E55532400B7230F /* MainMapViewController.swift */; };
		C3B6CF121E5622FB00B7230F /* Montserrat-Black.ttf in Resources */ = {isa = PBXBuildFile; fileRef = C3B6CF001E5622FB00B7230F /* Montserrat-Black.ttf */; };
		C3B6CF131E5622FB00B7230F /* Montserrat-BlackItalic.ttf in Resources */ = {isa = PBXBuildFile; fileRef = C3B6CF011E5622FB00B7230F /* Montserrat-BlackItalic.ttf */; };
		C3B6CF141E5622FB00B7230F /* Montserrat-Bold.ttf in Resources */ = {isa = PBXBuildFile; fileRef = C3B6CF021E5622FB00B7230F /* Montserrat-Bold.ttf */; };
		C3B6CF151E5622FB00B7230F /* Montserrat-BoldItalic.ttf in Resources */ = {isa = PBXBuildFile; fileRef = C3B6CF031E5622FB00B7230F /* Montserrat-BoldItalic.ttf */; };
		C3B6CF161E5622FB00B7230F /* Montserrat-ExtraBold.ttf in Resources */ = {isa = PBXBuildFile; fileRef = C3B6CF041E5622FB00B7230F /* Montserrat-ExtraBold.ttf */; };
		C3B6CF171E5622FB00B7230F /* Montserrat-ExtraBoldItalic.ttf in Resources */ = {isa = PBXBuildFile; fileRef = C3B6CF051E5622FB00B7230F /* Montserrat-ExtraBoldItalic.ttf */; };
		C3B6CF181E5622FB00B7230F /* Montserrat-ExtraLight.ttf in Resources */ = {isa = PBXBuildFile; fileRef = C3B6CF061E5622FB00B7230F /* Montserrat-ExtraLight.ttf */; };
		C3B6CF191E5622FB00B7230F /* Montserrat-ExtraLightItalic.ttf in Resources */ = {isa = PBXBuildFile; fileRef = C3B6CF071E5622FB00B7230F /* Montserrat-ExtraLightItalic.ttf */; };
		C3B6CF1A1E5622FB00B7230F /* Montserrat-Italic.ttf in Resources */ = {isa = PBXBuildFile; fileRef = C3B6CF081E5622FB00B7230F /* Montserrat-Italic.ttf */; };
		C3B6CF1B1E5622FB00B7230F /* Montserrat-Light.ttf in Resources */ = {isa = PBXBuildFile; fileRef = C3B6CF091E5622FB00B7230F /* Montserrat-Light.ttf */; };
		C3B6CF1C1E5622FB00B7230F /* Montserrat-LightItalic.ttf in Resources */ = {isa = PBXBuildFile; fileRef = C3B6CF0A1E5622FB00B7230F /* Montserrat-LightItalic.ttf */; };
		C3B6CF1D1E5622FB00B7230F /* Montserrat-Medium.ttf in Resources */ = {isa = PBXBuildFile; fileRef = C3B6CF0B1E5622FB00B7230F /* Montserrat-Medium.ttf */; };
		C3B6CF1E1E5622FB00B7230F /* Montserrat-MediumItalic.ttf in Resources */ = {isa = PBXBuildFile; fileRef = C3B6CF0C1E5622FB00B7230F /* Montserrat-MediumItalic.ttf */; };
		C3B6CF1F1E5622FB00B7230F /* Montserrat-Regular.ttf in Resources */ = {isa = PBXBuildFile; fileRef = C3B6CF0D1E5622FB00B7230F /* Montserrat-Regular.ttf */; };
		C3B6CF201E5622FB00B7230F /* Montserrat-SemiBold.ttf in Resources */ = {isa = PBXBuildFile; fileRef = C3B6CF0E1E5622FB00B7230F /* Montserrat-SemiBold.ttf */; };
		C3B6CF211E5622FB00B7230F /* Montserrat-SemiBoldItalic.ttf in Resources */ = {isa = PBXBuildFile; fileRef = C3B6CF0F1E5622FB00B7230F /* Montserrat-SemiBoldItalic.ttf */; };
		C3B6CF221E5622FB00B7230F /* Montserrat-Thin.ttf in Resources */ = {isa = PBXBuildFile; fileRef = C3B6CF101E5622FB00B7230F /* Montserrat-Thin.ttf */; };
		C3B6CF231E5622FB00B7230F /* Montserrat-ThinItalic.ttf in Resources */ = {isa = PBXBuildFile; fileRef = C3B6CF111E5622FB00B7230F /* Montserrat-ThinItalic.ttf */; };
		C3B6CF2F1E56231300B7230F /* OpenSans-Bold.ttf in Resources */ = {isa = PBXBuildFile; fileRef = C3B6CF251E56231300B7230F /* OpenSans-Bold.ttf */; };
		C3B6CF301E56231300B7230F /* OpenSans-BoldItalic.ttf in Resources */ = {isa = PBXBuildFile; fileRef = C3B6CF261E56231300B7230F /* OpenSans-BoldItalic.ttf */; };
		C3B6CF311E56231300B7230F /* OpenSans-ExtraBold.ttf in Resources */ = {isa = PBXBuildFile; fileRef = C3B6CF271E56231300B7230F /* OpenSans-ExtraBold.ttf */; };
		C3B6CF321E56231300B7230F /* OpenSans-ExtraBoldItalic.ttf in Resources */ = {isa = PBXBuildFile; fileRef = C3B6CF281E56231300B7230F /* OpenSans-ExtraBoldItalic.ttf */; };
		C3B6CF331E56231300B7230F /* OpenSans-Italic.ttf in Resources */ = {isa = PBXBuildFile; fileRef = C3B6CF291E56231300B7230F /* OpenSans-Italic.ttf */; };
		C3B6CF341E56231300B7230F /* OpenSans-Light.ttf in Resources */ = {isa = PBXBuildFile; fileRef = C3B6CF2A1E56231300B7230F /* OpenSans-Light.ttf */; };
		C3B6CF351E56231300B7230F /* OpenSans-LightItalic.ttf in Resources */ = {isa = PBXBuildFile; fileRef = C3B6CF2B1E56231300B7230F /* OpenSans-LightItalic.ttf */; };
		C3B6CF361E56231300B7230F /* OpenSans-Regular.ttf in Resources */ = {isa = PBXBuildFile; fileRef = C3B6CF2C1E56231300B7230F /* OpenSans-Regular.ttf */; };
		C3B6CF371E56231300B7230F /* OpenSans-Semibold.ttf in Resources */ = {isa = PBXBuildFile; fileRef = C3B6CF2D1E56231300B7230F /* OpenSans-Semibold.ttf */; };
		C3B6CF381E56231300B7230F /* OpenSans-SemiboldItalic.ttf in Resources */ = {isa = PBXBuildFile; fileRef = C3B6CF2E1E56231300B7230F /* OpenSans-SemiboldItalic.ttf */; };
		C3C4D6701E4EBC3700FEFD92 /* Member.swift in Sources */ = {isa = PBXBuildFile; fileRef = C3C4D66F1E4EBC3700FEFD92 /* Member.swift */; };
		C3E23BDB1E4E47FB0079C80C /* MemberTableViewCell.swift in Sources */ = {isa = PBXBuildFile; fileRef = C3E23BDA1E4E47FB0079C80C /* MemberTableViewCell.swift */; };
/* End PBXBuildFile section */

/* Begin PBXFileReference section */
		1622FA02DC78D0A69C588444 /* Pods-DALIApp.release.xcconfig */ = {isa = PBXFileReference; includeInIndex = 1; lastKnownFileType = text.xcconfig; name = "Pods-DALIApp.release.xcconfig"; path = "Pods/Target Support Files/Pods-DALIApp/Pods-DALIApp.release.xcconfig"; sourceTree = "<group>"; };
		1A7CA7F77D145852F198B263 /* Pods-DALIApp.debug.xcconfig */ = {isa = PBXFileReference; includeInIndex = 1; lastKnownFileType = text.xcconfig; name = "Pods-DALIApp.debug.xcconfig"; path = "Pods/Target Support Files/Pods-DALIApp/Pods-DALIApp.debug.xcconfig"; sourceTree = "<group>"; };
		C32230151E57F04700D3F556 /* dali@3x.png */ = {isa = PBXFileReference; lastKnownFileType = image.png; name = "dali@3x.png"; path = "../../../Desktop/dali@3x.png"; sourceTree = "<group>"; };
		C32A5E071E51197D00410DF7 /* DALIApp-Bridging-Header.h */ = {isa = PBXFileReference; lastKnownFileType = sourcecode.c.h; path = "DALIApp-Bridging-Header.h"; sourceTree = "<group>"; };
		C32A5E081E51197E00410DF7 /* UIScrollView+EmptyDataSet.h */ = {isa = PBXFileReference; fileEncoding = 4; lastKnownFileType = sourcecode.c.h; path = "UIScrollView+EmptyDataSet.h"; sourceTree = "<group>"; };
		C32A5E091E51197E00410DF7 /* UIScrollView+EmptyDataSet.m */ = {isa = PBXFileReference; fileEncoding = 4; lastKnownFileType = sourcecode.c.objc; path = "UIScrollView+EmptyDataSet.m"; sourceTree = "<group>"; };
		C3B6195D1E4D92E20039EC47 /* DALIApp.app */ = {isa = PBXFileReference; explicitFileType = wrapper.application; includeInIndex = 0; path = DALIApp.app; sourceTree = BUILT_PRODUCTS_DIR; };
		C3B619601E4D92E20039EC47 /* AppDelegate.swift */ = {isa = PBXFileReference; lastKnownFileType = sourcecode.swift; path = AppDelegate.swift; sourceTree = "<group>"; };
		C3B619651E4D92E20039EC47 /* Base */ = {isa = PBXFileReference; lastKnownFileType = file.storyboard; name = Base; path = Base.lproj/Main.storyboard; sourceTree = "<group>"; };
		C3B619681E4D92E20039EC47 /* DALIApp.xcdatamodel */ = {isa = PBXFileReference; lastKnownFileType = wrapper.xcdatamodel; path = DALIApp.xcdatamodel; sourceTree = "<group>"; };
		C3B6196A1E4D92E20039EC47 /* Assets.xcassets */ = {isa = PBXFileReference; lastKnownFileType = folder.assetcatalog; path = Assets.xcassets; sourceTree = "<group>"; };
		C3B6196D1E4D92E20039EC47 /* Base */ = {isa = PBXFileReference; lastKnownFileType = file.storyboard; name = Base; path = Base.lproj/LaunchScreen.storyboard; sourceTree = "<group>"; };
		C3B6196F1E4D92E20039EC47 /* Info.plist */ = {isa = PBXFileReference; lastKnownFileType = text.plist.xml; path = Info.plist; sourceTree = "<group>"; };
		C3B619791E4D950D0039EC47 /* MembersTableViewController.swift */ = {isa = PBXFileReference; fileEncoding = 4; lastKnownFileType = sourcecode.swift; name = MembersTableViewController.swift; path = ../MembersTableViewController.swift; sourceTree = "<group>"; };
		C3B619801E4E24EC0039EC47 /* MemberDescriptionViewController.swift */ = {isa = PBXFileReference; fileEncoding = 4; lastKnownFileType = sourcecode.swift; path = MemberDescriptionViewController.swift; sourceTree = "<group>"; };
		C3B619841E4E3CF90039EC47 /* GoogleService-Info.plist */ = {isa = PBXFileReference; fileEncoding = 4; lastKnownFileType = text.plist.xml; path = "GoogleService-Info.plist"; sourceTree = "<group>"; };
		C3B6CED51E554EAA00B7230F /* MapViewController.swift */ = {isa = PBXFileReference; fileEncoding = 4; lastKnownFileType = sourcecode.swift; path = MapViewController.swift; sourceTree = "<group>"; };
		C3B6CED71E55532400B7230F /* MainMapViewController.swift */ = {isa = PBXFileReference; fileEncoding = 4; lastKnownFileType = sourcecode.swift; path = MainMapViewController.swift; sourceTree = "<group>"; };
		C3B6CF001E5622FB00B7230F /* Montserrat-Black.ttf */ = {isa = PBXFileReference; lastKnownFileType = file; path = "Montserrat-Black.ttf"; sourceTree = "<group>"; };
		C3B6CF011E5622FB00B7230F /* Montserrat-BlackItalic.ttf */ = {isa = PBXFileReference; lastKnownFileType = file; path = "Montserrat-BlackItalic.ttf"; sourceTree = "<group>"; };
		C3B6CF021E5622FB00B7230F /* Montserrat-Bold.ttf */ = {isa = PBXFileReference; lastKnownFileType = file; path = "Montserrat-Bold.ttf"; sourceTree = "<group>"; };
		C3B6CF031E5622FB00B7230F /* Montserrat-BoldItalic.ttf */ = {isa = PBXFileReference; lastKnownFileType = file; path = "Montserrat-BoldItalic.ttf"; sourceTree = "<group>"; };
		C3B6CF041E5622FB00B7230F /* Montserrat-ExtraBold.ttf */ = {isa = PBXFileReference; lastKnownFileType = file; path = "Montserrat-ExtraBold.ttf"; sourceTree = "<group>"; };
		C3B6CF051E5622FB00B7230F /* Montserrat-ExtraBoldItalic.ttf */ = {isa = PBXFileReference; lastKnownFileType = file; path = "Montserrat-ExtraBoldItalic.ttf"; sourceTree = "<group>"; };
		C3B6CF061E5622FB00B7230F /* Montserrat-ExtraLight.ttf */ = {isa = PBXFileReference; lastKnownFileType = file; path = "Montserrat-ExtraLight.ttf"; sourceTree = "<group>"; };
		C3B6CF071E5622FB00B7230F /* Montserrat-ExtraLightItalic.ttf */ = {isa = PBXFileReference; lastKnownFileType = file; path = "Montserrat-ExtraLightItalic.ttf"; sourceTree = "<group>"; };
		C3B6CF081E5622FB00B7230F /* Montserrat-Italic.ttf */ = {isa = PBXFileReference; lastKnownFileType = file; path = "Montserrat-Italic.ttf"; sourceTree = "<group>"; };
		C3B6CF091E5622FB00B7230F /* Montserrat-Light.ttf */ = {isa = PBXFileReference; lastKnownFileType = file; path = "Montserrat-Light.ttf"; sourceTree = "<group>"; };
		C3B6CF0A1E5622FB00B7230F /* Montserrat-LightItalic.ttf */ = {isa = PBXFileReference; lastKnownFileType = file; path = "Montserrat-LightItalic.ttf"; sourceTree = "<group>"; };
		C3B6CF0B1E5622FB00B7230F /* Montserrat-Medium.ttf */ = {isa = PBXFileReference; lastKnownFileType = file; path = "Montserrat-Medium.ttf"; sourceTree = "<group>"; };
		C3B6CF0C1E5622FB00B7230F /* Montserrat-MediumItalic.ttf */ = {isa = PBXFileReference; lastKnownFileType = file; path = "Montserrat-MediumItalic.ttf"; sourceTree = "<group>"; };
		C3B6CF0D1E5622FB00B7230F /* Montserrat-Regular.ttf */ = {isa = PBXFileReference; lastKnownFileType = file; path = "Montserrat-Regular.ttf"; sourceTree = "<group>"; };
		C3B6CF0E1E5622FB00B7230F /* Montserrat-SemiBold.ttf */ = {isa = PBXFileReference; lastKnownFileType = file; path = "Montserrat-SemiBold.ttf"; sourceTree = "<group>"; };
		C3B6CF0F1E5622FB00B7230F /* Montserrat-SemiBoldItalic.ttf */ = {isa = PBXFileReference; lastKnownFileType = file; path = "Montserrat-SemiBoldItalic.ttf"; sourceTree = "<group>"; };
		C3B6CF101E5622FB00B7230F /* Montserrat-Thin.ttf */ = {isa = PBXFileReference; lastKnownFileType = file; path = "Montserrat-Thin.ttf"; sourceTree = "<group>"; };
		C3B6CF111E5622FB00B7230F /* Montserrat-ThinItalic.ttf */ = {isa = PBXFileReference; lastKnownFileType = file; path = "Montserrat-ThinItalic.ttf"; sourceTree = "<group>"; };
		C3B6CF251E56231300B7230F /* OpenSans-Bold.ttf */ = {isa = PBXFileReference; lastKnownFileType = file; path = "OpenSans-Bold.ttf"; sourceTree = "<group>"; };
		C3B6CF261E56231300B7230F /* OpenSans-BoldItalic.ttf */ = {isa = PBXFileReference; lastKnownFileType = file; path = "OpenSans-BoldItalic.ttf"; sourceTree = "<group>"; };
		C3B6CF271E56231300B7230F /* OpenSans-ExtraBold.ttf */ = {isa = PBXFileReference; lastKnownFileType = file; path = "OpenSans-ExtraBold.ttf"; sourceTree = "<group>"; };
		C3B6CF281E56231300B7230F /* OpenSans-ExtraBoldItalic.ttf */ = {isa = PBXFileReference; lastKnownFileType = file; path = "OpenSans-ExtraBoldItalic.ttf"; sourceTree = "<group>"; };
		C3B6CF291E56231300B7230F /* OpenSans-Italic.ttf */ = {isa = PBXFileReference; lastKnownFileType = file; path = "OpenSans-Italic.ttf"; sourceTree = "<group>"; };
		C3B6CF2A1E56231300B7230F /* OpenSans-Light.ttf */ = {isa = PBXFileReference; lastKnownFileType = file; path = "OpenSans-Light.ttf"; sourceTree = "<group>"; };
		C3B6CF2B1E56231300B7230F /* OpenSans-LightItalic.ttf */ = {isa = PBXFileReference; lastKnownFileType = file; path = "OpenSans-LightItalic.ttf"; sourceTree = "<group>"; };
		C3B6CF2C1E56231300B7230F /* OpenSans-Regular.ttf */ = {isa = PBXFileReference; lastKnownFileType = file; path = "OpenSans-Regular.ttf"; sourceTree = "<group>"; };
		C3B6CF2D1E56231300B7230F /* OpenSans-Semibold.ttf */ = {isa = PBXFileReference; lastKnownFileType = file; path = "OpenSans-Semibold.ttf"; sourceTree = "<group>"; };
		C3B6CF2E1E56231300B7230F /* OpenSans-SemiboldItalic.ttf */ = {isa = PBXFileReference; lastKnownFileType = file; path = "OpenSans-SemiboldItalic.ttf"; sourceTree = "<group>"; };
		C3C4D66F1E4EBC3700FEFD92 /* Member.swift */ = {isa = PBXFileReference; fileEncoding = 4; lastKnownFileType = sourcecode.swift; path = Member.swift; sourceTree = "<group>"; };
		C3E23BDA1E4E47FB0079C80C /* MemberTableViewCell.swift */ = {isa = PBXFileReference; fileEncoding = 4; lastKnownFileType = sourcecode.swift; path = MemberTableViewCell.swift; sourceTree = "<group>"; };
		FE01C2262AC73BF43BB4C661 /* Pods_DALIApp.framework */ = {isa = PBXFileReference; explicitFileType = wrapper.framework; includeInIndex = 0; path = Pods_DALIApp.framework; sourceTree = BUILT_PRODUCTS_DIR; };
/* End PBXFileReference section */

/* Begin PBXFrameworksBuildPhase section */
		C3B6195A1E4D92E20039EC47 /* Frameworks */ = {
			isa = PBXFrameworksBuildPhase;
			buildActionMask = 2147483647;
			files = (
				A666220D9D97D1B9624D3E54 /* Pods_DALIApp.framework in Frameworks */,
			);
			runOnlyForDeploymentPostprocessing = 0;
		};
/* End PBXFrameworksBuildPhase section */

/* Begin PBXGroup section */
		320F9EED6A15CF816429A62A /* Pods */ = {
			isa = PBXGroup;
			children = (
				1A7CA7F77D145852F198B263 /* Pods-DALIApp.debug.xcconfig */,
				1622FA02DC78D0A69C588444 /* Pods-DALIApp.release.xcconfig */,
			);
			name = Pods;
			sourceTree = "<group>";
		};
		4055ACCB0ACA02D2B3081D65 /* Frameworks */ = {
			isa = PBXGroup;
			children = (
				FE01C2262AC73BF43BB4C661 /* Pods_DALIApp.framework */,
			);
			name = Frameworks;
			sourceTree = "<group>";
		};
		C3AA142F1E56BF5A00A112F1 /* Models */ = {
			isa = PBXGroup;
			children = (
				C3C4D66F1E4EBC3700FEFD92 /* Member.swift */,
			);
			name = Models;
			sourceTree = "<group>";
		};
		C3AA14301E56BF7000A112F1 /* Controllers */ = {
			isa = PBXGroup;
			children = (
				C3AA14321E56BF9500A112F1 /* MemberControllers */,
				C3AA14311E56BF8900A112F1 /* MapControllers */,
			);
			name = Controllers;
			sourceTree = "<group>";
		};
		C3AA14311E56BF8900A112F1 /* MapControllers */ = {
			isa = PBXGroup;
			children = (
				C3B6CED51E554EAA00B7230F /* MapViewController.swift */,
				C3B6CED71E55532400B7230F /* MainMapViewController.swift */,
			);
			name = MapControllers;
			sourceTree = "<group>";
		};
		C3AA14321E56BF9500A112F1 /* MemberControllers */ = {
			isa = PBXGroup;
			children = (
				C3B619791E4D950D0039EC47 /* MembersTableViewController.swift */,
				C3B619801E4E24EC0039EC47 /* MemberDescriptionViewController.swift */,
				C3E23BDA1E4E47FB0079C80C /* MemberTableViewCell.swift */,
			);
			name = MemberControllers;
			sourceTree = "<group>";
		};
		C3AA14331E56BFB000A112F1 /* Layout */ = {
			isa = PBXGroup;
			children = (
				C3B619641E4D92E20039EC47 /* Main.storyboard */,
				C3B6196C1E4D92E20039EC47 /* LaunchScreen.storyboard */,
			);
			name = Layout;
			sourceTree = "<group>";
		};
		C3AA14341E56BFCF00A112F1 /* Other */ = {
			isa = PBXGroup;
			children = (
				C3B619601E4D92E20039EC47 /* AppDelegate.swift */,
			);
			name = Other;
			sourceTree = "<group>";
		};
		C3AA14351E56BFD700A112F1 /* SupportingFiles */ = {
			isa = PBXGroup;
			children = (
				C32230151E57F04700D3F556 /* dali@3x.png */,
				C3B6197B1E4D99390039EC47 /* Fonts */,
				C3B619841E4E3CF90039EC47 /* GoogleService-Info.plist */,
				C3B6196F1E4D92E20039EC47 /* Info.plist */,
				C3B619671E4D92E20039EC47 /* DALIApp.xcdatamodeld */,
				C32A5E081E51197E00410DF7 /* UIScrollView+EmptyDataSet.h */,
				C32A5E071E51197D00410DF7 /* DALIApp-Bridging-Header.h */,
				C32A5E091E51197E00410DF7 /* UIScrollView+EmptyDataSet.m */,
			);
			name = SupportingFiles;
			sourceTree = "<group>";
		};
		C3B619541E4D92E20039EC47 = {
			isa = PBXGroup;
			children = (
				C3B6195F1E4D92E20039EC47 /* DALIApp */,
				C3B6195E1E4D92E20039EC47 /* Products */,
				320F9EED6A15CF816429A62A /* Pods */,
				4055ACCB0ACA02D2B3081D65 /* Frameworks */,
			);
			sourceTree = "<group>";
		};
		C3B6195E1E4D92E20039EC47 /* Products */ = {
			isa = PBXGroup;
			children = (
				C3B6195D1E4D92E20039EC47 /* DALIApp.app */,
			);
			name = Products;
			sourceTree = "<group>";
		};
		C3B6195F1E4D92E20039EC47 /* DALIApp */ = {
			isa = PBXGroup;
			children = (
				C3AA142F1E56BF5A00A112F1 /* Models */,
				C3AA14301E56BF7000A112F1 /* Controllers */,
				C3AA14331E56BFB000A112F1 /* Layout */,
				C3AA14341E56BFCF00A112F1 /* Other */,
				C3AA14351E56BFD700A112F1 /* SupportingFiles */,
				C3B6196A1E4D92E20039EC47 /* Assets.xcassets */,
			);
			path = DALIApp;
			sourceTree = "<group>";
		};
		C3B6197B1E4D99390039EC47 /* Fonts */ = {
			isa = PBXGroup;
			children = (
				C3B6CF241E56231300B7230F /* OpenSans */,
				C3B6CEFF1E5622FB00B7230F /* Montserrat */,
			);
			name = Fonts;
			sourceTree = "<group>";
		};
		C3B6CEFF1E5622FB00B7230F /* Montserrat */ = {
			isa = PBXGroup;
			children = (
				C3B6CF001E5622FB00B7230F /* Montserrat-Black.ttf */,
				C3B6CF011E5622FB00B7230F /* Montserrat-BlackItalic.ttf */,
				C3B6CF021E5622FB00B7230F /* Montserrat-Bold.ttf */,
				C3B6CF031E5622FB00B7230F /* Montserrat-BoldItalic.ttf */,
				C3B6CF041E5622FB00B7230F /* Montserrat-ExtraBold.ttf */,
				C3B6CF051E5622FB00B7230F /* Montserrat-ExtraBoldItalic.ttf */,
				C3B6CF061E5622FB00B7230F /* Montserrat-ExtraLight.ttf */,
				C3B6CF071E5622FB00B7230F /* Montserrat-ExtraLightItalic.ttf */,
				C3B6CF081E5622FB00B7230F /* Montserrat-Italic.ttf */,
				C3B6CF091E5622FB00B7230F /* Montserrat-Light.ttf */,
				C3B6CF0A1E5622FB00B7230F /* Montserrat-LightItalic.ttf */,
				C3B6CF0B1E5622FB00B7230F /* Montserrat-Medium.ttf */,
				C3B6CF0C1E5622FB00B7230F /* Montserrat-MediumItalic.ttf */,
				C3B6CF0D1E5622FB00B7230F /* Montserrat-Regular.ttf */,
				C3B6CF0E1E5622FB00B7230F /* Montserrat-SemiBold.ttf */,
				C3B6CF0F1E5622FB00B7230F /* Montserrat-SemiBoldItalic.ttf */,
				C3B6CF101E5622FB00B7230F /* Montserrat-Thin.ttf */,
				C3B6CF111E5622FB00B7230F /* Montserrat-ThinItalic.ttf */,
			);
			name = Montserrat;
			path = ../../../Downloads/Open_Sans/Montserrat;
			sourceTree = "<group>";
		};
		C3B6CF241E56231300B7230F /* OpenSans */ = {
			isa = PBXGroup;
			children = (
				C3B6CF251E56231300B7230F /* OpenSans-Bold.ttf */,
				C3B6CF261E56231300B7230F /* OpenSans-BoldItalic.ttf */,
				C3B6CF271E56231300B7230F /* OpenSans-ExtraBold.ttf */,
				C3B6CF281E56231300B7230F /* OpenSans-ExtraBoldItalic.ttf */,
				C3B6CF291E56231300B7230F /* OpenSans-Italic.ttf */,
				C3B6CF2A1E56231300B7230F /* OpenSans-Light.ttf */,
				C3B6CF2B1E56231300B7230F /* OpenSans-LightItalic.ttf */,
				C3B6CF2C1E56231300B7230F /* OpenSans-Regular.ttf */,
				C3B6CF2D1E56231300B7230F /* OpenSans-Semibold.ttf */,
				C3B6CF2E1E56231300B7230F /* OpenSans-SemiboldItalic.ttf */,
			);
			name = OpenSans;
			path = ../../../Downloads/Open_Sans/OpenSans;
			sourceTree = "<group>";
		};
/* End PBXGroup section */

/* Begin PBXNativeTarget section */
		C3B6195C1E4D92E20039EC47 /* DALIApp */ = {
			isa = PBXNativeTarget;
			buildConfigurationList = C3B619721E4D92E20039EC47 /* Build configuration list for PBXNativeTarget "DALIApp" */;
			buildPhases = (
				6BCE49C0F9FB366BFE9F2E62 /* [CP] Check Pods Manifest.lock */,
				C3B619591E4D92E20039EC47 /* Sources */,
				C3B6195A1E4D92E20039EC47 /* Frameworks */,
				C3B6195B1E4D92E20039EC47 /* Resources */,
				94EAAF0CDB1FE4125B8BED6B /* [CP] Embed Pods Frameworks */,
				B2DD5773CD86410178133BD0 /* [CP] Copy Pods Resources */,
			);
			buildRules = (
			);
			dependencies = (
			);
			name = DALIApp;
			productName = DALIApp;
			productReference = C3B6195D1E4D92E20039EC47 /* DALIApp.app */;
			productType = "com.apple.product-type.application";
		};
/* End PBXNativeTarget section */

/* Begin PBXProject section */
		C3B619551E4D92E20039EC47 /* Project object */ = {
			isa = PBXProject;
			attributes = {
				LastSwiftUpdateCheck = 0820;
				LastUpgradeCheck = 0820;
				ORGANIZATIONNAME = sofiastb;
				TargetAttributes = {
					C3B6195C1E4D92E20039EC47 = {
						CreatedOnToolsVersion = 8.2.1;
						DevelopmentTeam = 42DSX83LH6;
						LastSwiftMigration = 0820;
						ProvisioningStyle = Automatic;
					};
				};
			};
			buildConfigurationList = C3B619581E4D92E20039EC47 /* Build configuration list for PBXProject "DALIApp" */;
			compatibilityVersion = "Xcode 3.2";
			developmentRegion = English;
			hasScannedForEncodings = 0;
			knownRegions = (
				en,
				Base,
			);
			mainGroup = C3B619541E4D92E20039EC47;
			productRefGroup = C3B6195E1E4D92E20039EC47 /* Products */;
			projectDirPath = "";
			projectRoot = "";
			targets = (
				C3B6195C1E4D92E20039EC47 /* DALIApp */,
			);
		};
/* End PBXProject section */

/* Begin PBXResourcesBuildPhase section */
		C3B6195B1E4D92E20039EC47 /* Resources */ = {
			isa = PBXResourcesBuildPhase;
			buildActionMask = 2147483647;
			files = (
				C3B6CF211E5622FB00B7230F /* Montserrat-SemiBoldItalic.ttf in Resources */,
				C3B6CF321E56231300B7230F /* OpenSans-ExtraBoldItalic.ttf in Resources */,
				C3B6CF1C1E5622FB00B7230F /* Montserrat-LightItalic.ttf in Resources */,
				C32230161E57F04700D3F556 /* dali@3x.png in Resources */,
				C3B6CF2F1E56231300B7230F /* OpenSans-Bold.ttf in Resources */,
				C3B6CF1B1E5622FB00B7230F /* Montserrat-Light.ttf in Resources */,
				C3B6CF151E5622FB00B7230F /* Montserrat-BoldItalic.ttf in Resources */,
				C3B6CF181E5622FB00B7230F /* Montserrat-ExtraLight.ttf in Resources */,
				C3B6CF361E56231300B7230F /* OpenSans-Regular.ttf in Resources */,
				C3B6CF1E1E5622FB00B7230F /* Montserrat-MediumItalic.ttf in Resources */,
				C3B6CF1D1E5622FB00B7230F /* Montserrat-Medium.ttf in Resources */,
				C3B6CF381E56231300B7230F /* OpenSans-SemiboldItalic.ttf in Resources */,
				C3B6CF191E5622FB00B7230F /* Montserrat-ExtraLightItalic.ttf in Resources */,
				C3B6CF1F1E5622FB00B7230F /* Montserrat-Regular.ttf in Resources */,
				C3B6196E1E4D92E20039EC47 /* LaunchScreen.storyboard in Resources */,
				C3B6CF131E5622FB00B7230F /* Montserrat-BlackItalic.ttf in Resources */,
				C3B6CF331E56231300B7230F /* OpenSans-Italic.ttf in Resources */,
				C3B6CF351E56231300B7230F /* OpenSans-LightItalic.ttf in Resources */,
				C3B6196B1E4D92E20039EC47 /* Assets.xcassets in Resources */,
				C3B6CF161E5622FB00B7230F /* Montserrat-ExtraBold.ttf in Resources */,
				C3B6CF141E5622FB00B7230F /* Montserrat-Bold.ttf in Resources */,
				C3B6CF371E56231300B7230F /* OpenSans-Semibold.ttf in Resources */,
				C3B6CF231E5622FB00B7230F /* Montserrat-ThinItalic.ttf in Resources */,
				C3B6CF201E5622FB00B7230F /* Montserrat-SemiBold.ttf in Resources */,
				C3B6CF341E56231300B7230F /* OpenSans-Light.ttf in Resources */,
				C3B619661E4D92E20039EC47 /* Main.storyboard in Resources */,
				C3B619851E4E3CF90039EC47 /* GoogleService-Info.plist in Resources */,
				C3B6CF221E5622FB00B7230F /* Montserrat-Thin.ttf in Resources */,
				C3B6CF121E5622FB00B7230F /* Montserrat-Black.ttf in Resources */,
				C3B6CF171E5622FB00B7230F /* Montserrat-ExtraBoldItalic.ttf in Resources */,
				C3B6CF1A1E5622FB00B7230F /* Montserrat-Italic.ttf in Resources */,
				C3B6CF301E56231300B7230F /* OpenSans-BoldItalic.ttf in Resources */,
				C3B6CF311E56231300B7230F /* OpenSans-ExtraBold.ttf in Resources */,
			);
			runOnlyForDeploymentPostprocessing = 0;
		};
/* End PBXResourcesBuildPhase section */

/* Begin PBXShellScriptBuildPhase section */
		6BCE49C0F9FB366BFE9F2E62 /* [CP] Check Pods Manifest.lock */ = {
			isa = PBXShellScriptBuildPhase;
			buildActionMask = 2147483647;
			files = (
			);
			inputPaths = (
			);
			name = "[CP] Check Pods Manifest.lock";
			outputPaths = (
			);
			runOnlyForDeploymentPostprocessing = 0;
			shellPath = /bin/sh;
			shellScript = "diff \"${PODS_ROOT}/../Podfile.lock\" \"${PODS_ROOT}/Manifest.lock\" > /dev/null\nif [ $? != 0 ] ; then\n    # print error to STDERR\n    echo \"error: The sandbox is not in sync with the Podfile.lock. Run 'pod install' or update your CocoaPods installation.\" >&2\n    exit 1\nfi\n";
			showEnvVarsInLog = 0;
		};
		94EAAF0CDB1FE4125B8BED6B /* [CP] Embed Pods Frameworks */ = {
			isa = PBXShellScriptBuildPhase;
			buildActionMask = 2147483647;
			files = (
			);
			inputPaths = (
			);
			name = "[CP] Embed Pods Frameworks";
			outputPaths = (
			);
			runOnlyForDeploymentPostprocessing = 0;
			shellPath = /bin/sh;
			shellScript = "\"${SRCROOT}/Pods/Target Support Files/Pods-DALIApp/Pods-DALIApp-frameworks.sh\"\n";
			showEnvVarsInLog = 0;
		};
		B2DD5773CD86410178133BD0 /* [CP] Copy Pods Resources */ = {
			isa = PBXShellScriptBuildPhase;
			buildActionMask = 2147483647;
			files = (
			);
			inputPaths = (
			);
			name = "[CP] Copy Pods Resources";
			outputPaths = (
			);
			runOnlyForDeploymentPostprocessing = 0;
			shellPath = /bin/sh;
			shellScript = "\"${SRCROOT}/Pods/Target Support Files/Pods-DALIApp/Pods-DALIApp-resources.sh\"\n";
			showEnvVarsInLog = 0;
		};
/* End PBXShellScriptBuildPhase section */

/* Begin PBXSourcesBuildPhase section */
		C3B619591E4D92E20039EC47 /* Sources */ = {
			isa = PBXSourcesBuildPhase;
			buildActionMask = 2147483647;
			files = (
				C3B619691E4D92E20039EC47 /* DALIApp.xcdatamodeld in Sources */,
				C3C4D6701E4EBC3700FEFD92 /* Member.swift in Sources */,
				C3E23BDB1E4E47FB0079C80C /* MemberTableViewCell.swift in Sources */,
				C3B6197A1E4D950D0039EC47 /* MembersTableViewController.swift in Sources */,
				C3B619611E4D92E20039EC47 /* AppDelegate.swift in Sources */,
				C3B619811E4E24EC0039EC47 /* MemberDescriptionViewController.swift in Sources */,
				C3B6CED81E55532400B7230F /* MainMapViewController.swift in Sources */,
				C32A5E0A1E51197E00410DF7 /* UIScrollView+EmptyDataSet.m in Sources */,
				C3B6CED61E554EAA00B7230F /* MapViewController.swift in Sources */,
			);
			runOnlyForDeploymentPostprocessing = 0;
		};
/* End PBXSourcesBuildPhase section */

/* Begin PBXVariantGroup section */
		C3B619641E4D92E20039EC47 /* Main.storyboard */ = {
			isa = PBXVariantGroup;
			children = (
				C3B619651E4D92E20039EC47 /* Base */,
			);
			name = Main.storyboard;
			sourceTree = "<group>";
		};
		C3B6196C1E4D92E20039EC47 /* LaunchScreen.storyboard */ = {
			isa = PBXVariantGroup;
			children = (
				C3B6196D1E4D92E20039EC47 /* Base */,
			);
			name = LaunchScreen.storyboard;
			sourceTree = "<group>";
		};
/* End PBXVariantGroup section */

/* Begin XCBuildConfiguration section */
		C3B619701E4D92E20039EC47 /* Debug */ = {
			isa = XCBuildConfiguration;
			buildSettings = {
				ALWAYS_SEARCH_USER_PATHS = NO;
				CLANG_ANALYZER_NONNULL = YES;
				CLANG_CXX_LANGUAGE_STANDARD = "gnu++0x";
				CLANG_CXX_LIBRARY = "libc++";
				CLANG_ENABLE_MODULES = YES;
				CLANG_ENABLE_OBJC_ARC = YES;
				CLANG_WARN_BOOL_CONVERSION = YES;
				CLANG_WARN_CONSTANT_CONVERSION = YES;
				CLANG_WARN_DIRECT_OBJC_ISA_USAGE = YES_ERROR;
				CLANG_WARN_DOCUMENTATION_COMMENTS = YES;
				CLANG_WARN_EMPTY_BODY = YES;
				CLANG_WARN_ENUM_CONVERSION = YES;
				CLANG_WARN_INFINITE_RECURSION = YES;
				CLANG_WARN_INT_CONVERSION = YES;
				CLANG_WARN_OBJC_ROOT_CLASS = YES_ERROR;
				CLANG_WARN_SUSPICIOUS_MOVE = YES;
				CLANG_WARN_UNREACHABLE_CODE = YES;
				CLANG_WARN__DUPLICATE_METHOD_MATCH = YES;
				"CODE_SIGN_IDENTITY[sdk=iphoneos*]" = "iPhone Developer";
				COPY_PHASE_STRIP = NO;
				DEBUG_INFORMATION_FORMAT = dwarf;
				ENABLE_STRICT_OBJC_MSGSEND = YES;
				ENABLE_TESTABILITY = YES;
				GCC_C_LANGUAGE_STANDARD = gnu99;
				GCC_DYNAMIC_NO_PIC = NO;
				GCC_NO_COMMON_BLOCKS = YES;
				GCC_OPTIMIZATION_LEVEL = 0;
				GCC_PREPROCESSOR_DEFINITIONS = (
					"DEBUG=1",
					"$(inherited)",
				);
				GCC_WARN_64_TO_32_BIT_CONVERSION = YES;
				GCC_WARN_ABOUT_RETURN_TYPE = YES_ERROR;
				GCC_WARN_UNDECLARED_SELECTOR = YES;
				GCC_WARN_UNINITIALIZED_AUTOS = YES_AGGRESSIVE;
				GCC_WARN_UNUSED_FUNCTION = YES;
				GCC_WARN_UNUSED_VARIABLE = YES;
				IPHONEOS_DEPLOYMENT_TARGET = 10.2;
				MTL_ENABLE_DEBUG_INFO = YES;
				ONLY_ACTIVE_ARCH = YES;
				SDKROOT = iphoneos;
				SWIFT_ACTIVE_COMPILATION_CONDITIONS = DEBUG;
				SWIFT_OPTIMIZATION_LEVEL = "-Onone";
			};
			name = Debug;
		};
		C3B619711E4D92E20039EC47 /* Release */ = {
			isa = XCBuildConfiguration;
			buildSettings = {
				ALWAYS_SEARCH_USER_PATHS = NO;
				CLANG_ANALYZER_NONNULL = YES;
				CLANG_CXX_LANGUAGE_STANDARD = "gnu++0x";
				CLANG_CXX_LIBRARY = "libc++";
				CLANG_ENABLE_MODULES = YES;
				CLANG_ENABLE_OBJC_ARC = YES;
				CLANG_WARN_BOOL_CONVERSION = YES;
				CLANG_WARN_CONSTANT_CONVERSION = YES;
				CLANG_WARN_DIRECT_OBJC_ISA_USAGE = YES_ERROR;
				CLANG_WARN_DOCUMENTATION_COMMENTS = YES;
				CLANG_WARN_EMPTY_BODY = YES;
				CLANG_WARN_ENUM_CONVERSION = YES;
				CLANG_WARN_INFINITE_RECURSION = YES;
				CLANG_WARN_INT_CONVERSION = YES;
				CLANG_WARN_OBJC_ROOT_CLASS = YES_ERROR;
				CLANG_WARN_SUSPICIOUS_MOVE = YES;
				CLANG_WARN_UNREACHABLE_CODE = YES;
				CLANG_WARN__DUPLICATE_METHOD_MATCH = YES;
				"CODE_SIGN_IDENTITY[sdk=iphoneos*]" = "iPhone Developer";
				COPY_PHASE_STRIP = NO;
				DEBUG_INFORMATION_FORMAT = "dwarf-with-dsym";
				ENABLE_NS_ASSERTIONS = NO;
				ENABLE_STRICT_OBJC_MSGSEND = YES;
				GCC_C_LANGUAGE_STANDARD = gnu99;
				GCC_NO_COMMON_BLOCKS = YES;
				GCC_WARN_64_TO_32_BIT_CONVERSION = YES;
				GCC_WARN_ABOUT_RETURN_TYPE = YES_ERROR;
				GCC_WARN_UNDECLARED_SELECTOR = YES;
				GCC_WARN_UNINITIALIZED_AUTOS = YES_AGGRESSIVE;
				GCC_WARN_UNUSED_FUNCTION = YES;
				GCC_WARN_UNUSED_VARIABLE = YES;
				IPHONEOS_DEPLOYMENT_TARGET = 10.2;
				MTL_ENABLE_DEBUG_INFO = NO;
				SDKROOT = iphoneos;
				SWIFT_OPTIMIZATION_LEVEL = "-Owholemodule";
				VALIDATE_PRODUCT = YES;
			};
			name = Release;
		};
		C3B619731E4D92E20039EC47 /* Debug */ = {
			isa = XCBuildConfiguration;
			baseConfigurationReference = 1A7CA7F77D145852F198B263 /* Pods-DALIApp.debug.xcconfig */;
			buildSettings = {
				ASSETCATALOG_COMPILER_APPICON_NAME = AppIcon;
				CLANG_ENABLE_MODULES = YES;
				DEVELOPMENT_TEAM = 42DSX83LH6;
				INFOPLIST_FILE = DALIApp/Info.plist;
				LD_RUNPATH_SEARCH_PATHS = "$(inherited) @executable_path/Frameworks";
				PRODUCT_BUNDLE_IDENTIFIER = sofia.io.DALIApp;
				PRODUCT_NAME = "$(TARGET_NAME)";
				SWIFT_OBJC_BRIDGING_HEADER = "DALIApp/DALIApp-Bridging-Header.h";
				SWIFT_OPTIMIZATION_LEVEL = "-Onone";
				SWIFT_VERSION = 3.0;
			};
			name = Debug;
		};
		C3B619741E4D92E20039EC47 /* Release */ = {
			isa = XCBuildConfiguration;
			baseConfigurationReference = 1622FA02DC78D0A69C588444 /* Pods-DALIApp.release.xcconfig */;
			buildSettings = {
				ASSETCATALOG_COMPILER_APPICON_NAME = AppIcon;
				CLANG_ENABLE_MODULES = YES;
				DEVELOPMENT_TEAM = 42DSX83LH6;
				INFOPLIST_FILE = DALIApp/Info.plist;
				LD_RUNPATH_SEARCH_PATHS = "$(inherited) @executable_path/Frameworks";
				PRODUCT_BUNDLE_IDENTIFIER = sofia.io.DALIApp;
				PRODUCT_NAME = "$(TARGET_NAME)";
				SWIFT_OBJC_BRIDGING_HEADER = "DALIApp/DALIApp-Bridging-Header.h";
				SWIFT_VERSION = 3.0;
			};
			name = Release;
		};
/* End XCBuildConfiguration section */

/* Begin XCConfigurationList section */
		C3B619581E4D92E20039EC47 /* Build configuration list for PBXProject "DALIApp" */ = {
			isa = XCConfigurationList;
			buildConfigurations = (
				C3B619701E4D92E20039EC47 /* Debug */,
				C3B619711E4D92E20039EC47 /* Release */,
			);
			defaultConfigurationIsVisible = 0;
			defaultConfigurationName = Release;
		};
		C3B619721E4D92E20039EC47 /* Build configuration list for PBXNativeTarget "DALIApp" */ = {
			isa = XCConfigurationList;
			buildConfigurations = (
				C3B619731E4D92E20039EC47 /* Debug */,
				C3B619741E4D92E20039EC47 /* Release */,
			);
			defaultConfigurationIsVisible = 0;
			defaultConfigurationName = Release;
		};
/* End XCConfigurationList section */

/* Begin XCVersionGroup section */
		C3B619671E4D92E20039EC47 /* DALIApp.xcdatamodeld */ = {
			isa = XCVersionGroup;
			children = (
				C3B619681E4D92E20039EC47 /* DALIApp.xcdatamodel */,
			);
			currentVersion = C3B619681E4D92E20039EC47 /* DALIApp.xcdatamodel */;
			path = DALIApp.xcdatamodeld;
			sourceTree = "<group>";
			versionGroupType = wrapper.xcdatamodel;
		};
/* End XCVersionGroup section */
	};
	rootObject = C3B619551E4D92E20039EC47 /* Project object */;
}
